// !$*UTF8*$!
{
	archiveVersion = 1;
	classes = {
	};
	objectVersion = 46;
	objects = {

/* Begin PBXBuildFile section */
		CD41C6AD1C5FD0EB0023C520 /* privacidad.swift in Sources */ = {isa = PBXBuildFile; fileRef = CD41C6AC1C5FD0EB0023C520 /* privacidad.swift */; };
		CD41C6AE1C5FD0EB0023C520 /* privacidad.swift in Sources */ = {isa = PBXBuildFile; fileRef = CD41C6AC1C5FD0EB0023C520 /* privacidad.swift */; };
		CD41C6AF1C5FD0EB0023C520 /* privacidad.swift in Sources */ = {isa = PBXBuildFile; fileRef = CD41C6AC1C5FD0EB0023C520 /* privacidad.swift */; };
		CD41C6B01C5FDCF80023C520 /* Assets.xcassets in Resources */ = {isa = PBXBuildFile; fileRef = CD7181B91C5AF4FA004734E4 /* Assets.xcassets */; };
		CD41C6B11C5FDCF90023C520 /* Assets.xcassets in Resources */ = {isa = PBXBuildFile; fileRef = CD7181B91C5AF4FA004734E4 /* Assets.xcassets */; };
		CD41C6B31C6017EF0023C520 /* preferencias.swift in Sources */ = {isa = PBXBuildFile; fileRef = CD41C6B21C6017EF0023C520 /* preferencias.swift */; };
		CD41C6B41C6017EF0023C520 /* preferencias.swift in Sources */ = {isa = PBXBuildFile; fileRef = CD41C6B21C6017EF0023C520 /* preferencias.swift */; };
		CD41C6B51C6017EF0023C520 /* preferencias.swift in Sources */ = {isa = PBXBuildFile; fileRef = CD41C6B21C6017EF0023C520 /* preferencias.swift */; };
		CD4D9D051C5BF45C005DD971 /* DataSourceComentariosFixed.swift in Sources */ = {isa = PBXBuildFile; fileRef = CD4D9D041C5BF45C005DD971 /* DataSourceComentariosFixed.swift */; };
		CD4D9D071C5BF4B4005DD971 /* customTableView3.swift in Sources */ = {isa = PBXBuildFile; fileRef = CD4D9D061C5BF4B4005DD971 /* customTableView3.swift */; };
		CD4D9D081C5BF4B4005DD971 /* customTableView3.swift in Sources */ = {isa = PBXBuildFile; fileRef = CD4D9D061C5BF4B4005DD971 /* customTableView3.swift */; };
		CD4D9D091C5BF4B4005DD971 /* customTableView3.swift in Sources */ = {isa = PBXBuildFile; fileRef = CD4D9D061C5BF4B4005DD971 /* customTableView3.swift */; };
		CD4D9D0A1C5BF4B9005DD971 /* DataSourceComentariosFixed.swift in Sources */ = {isa = PBXBuildFile; fileRef = CD4D9D041C5BF45C005DD971 /* DataSourceComentariosFixed.swift */; };
		CD4D9D0B1C5BF4BA005DD971 /* DataSourceComentariosFixed.swift in Sources */ = {isa = PBXBuildFile; fileRef = CD4D9D041C5BF45C005DD971 /* DataSourceComentariosFixed.swift */; };
		CD5056FB1C87C3960086FCFF /* DataSourceCitasFixed.swift in Sources */ = {isa = PBXBuildFile; fileRef = CD5056FA1C87C3960086FCFF /* DataSourceCitasFixed.swift */; };
		CD5056FC1C87C3960086FCFF /* DataSourceCitasFixed.swift in Sources */ = {isa = PBXBuildFile; fileRef = CD5056FA1C87C3960086FCFF /* DataSourceCitasFixed.swift */; };
		CD5056FD1C87C3960086FCFF /* DataSourceCitasFixed.swift in Sources */ = {isa = PBXBuildFile; fileRef = CD5056FA1C87C3960086FCFF /* DataSourceCitasFixed.swift */; };
		CD53A1A11C5C96BF00A426C2 /* serviciosview.swift in Sources */ = {isa = PBXBuildFile; fileRef = CD53A1A01C5C96BF00A426C2 /* serviciosview.swift */; };
		CD53A1A21C5C96BF00A426C2 /* serviciosview.swift in Sources */ = {isa = PBXBuildFile; fileRef = CD53A1A01C5C96BF00A426C2 /* serviciosview.swift */; };
		CD53A1A31C5C96BF00A426C2 /* serviciosview.swift in Sources */ = {isa = PBXBuildFile; fileRef = CD53A1A01C5C96BF00A426C2 /* serviciosview.swift */; };
		CD5A6D161C80D52A001BB3F8 /* serviciosestetica.swift in Sources */ = {isa = PBXBuildFile; fileRef = CD5A6D151C80D52A001BB3F8 /* serviciosestetica.swift */; };
		CD5A6D171C80D52A001BB3F8 /* serviciosestetica.swift in Sources */ = {isa = PBXBuildFile; fileRef = CD5A6D151C80D52A001BB3F8 /* serviciosestetica.swift */; };
		CD5A6D181C80D52A001BB3F8 /* serviciosestetica.swift in Sources */ = {isa = PBXBuildFile; fileRef = CD5A6D151C80D52A001BB3F8 /* serviciosestetica.swift */; };
		CD5F22281C7F8B8E00597951 /* NSCalendar+NWCalendarView.swift in Sources */ = {isa = PBXBuildFile; fileRef = CD5F221F1C7F8B8E00597951 /* NSCalendar+NWCalendarView.swift */; };
		CD5F22291C7F8B8E00597951 /* NSCalendar+NWCalendarView.swift in Sources */ = {isa = PBXBuildFile; fileRef = CD5F221F1C7F8B8E00597951 /* NSCalendar+NWCalendarView.swift */; };
		CD5F222A1C7F8B8E00597951 /* NSCalendar+NWCalendarView.swift in Sources */ = {isa = PBXBuildFile; fileRef = CD5F221F1C7F8B8E00597951 /* NSCalendar+NWCalendarView.swift */; };
		CD5F222B1C7F8B8E00597951 /* NSDate+NWCalendarView.swift in Sources */ = {isa = PBXBuildFile; fileRef = CD5F22201C7F8B8E00597951 /* NSDate+NWCalendarView.swift */; };
		CD5F222C1C7F8B8E00597951 /* NSDate+NWCalendarView.swift in Sources */ = {isa = PBXBuildFile; fileRef = CD5F22201C7F8B8E00597951 /* NSDate+NWCalendarView.swift */; };
		CD5F222D1C7F8B8E00597951 /* NSDate+NWCalendarView.swift in Sources */ = {isa = PBXBuildFile; fileRef = CD5F22201C7F8B8E00597951 /* NSDate+NWCalendarView.swift */; };
		CD5F222E1C7F8B8E00597951 /* NWCalendarCache.swift in Sources */ = {isa = PBXBuildFile; fileRef = CD5F22211C7F8B8E00597951 /* NWCalendarCache.swift */; };
		CD5F222F1C7F8B8E00597951 /* NWCalendarCache.swift in Sources */ = {isa = PBXBuildFile; fileRef = CD5F22211C7F8B8E00597951 /* NWCalendarCache.swift */; };
		CD5F22301C7F8B8E00597951 /* NWCalendarCache.swift in Sources */ = {isa = PBXBuildFile; fileRef = CD5F22211C7F8B8E00597951 /* NWCalendarCache.swift */; };
		CD5F22311C7F8B8E00597951 /* NWCalendarDayView.swift in Sources */ = {isa = PBXBuildFile; fileRef = CD5F22221C7F8B8E00597951 /* NWCalendarDayView.swift */; };
		CD5F22321C7F8B8E00597951 /* NWCalendarDayView.swift in Sources */ = {isa = PBXBuildFile; fileRef = CD5F22221C7F8B8E00597951 /* NWCalendarDayView.swift */; };
		CD5F22331C7F8B8E00597951 /* NWCalendarDayView.swift in Sources */ = {isa = PBXBuildFile; fileRef = CD5F22221C7F8B8E00597951 /* NWCalendarDayView.swift */; };
		CD5F22341C7F8B8E00597951 /* NWCalendarMenuView.swift in Sources */ = {isa = PBXBuildFile; fileRef = CD5F22231C7F8B8E00597951 /* NWCalendarMenuView.swift */; };
		CD5F22351C7F8B8E00597951 /* NWCalendarMenuView.swift in Sources */ = {isa = PBXBuildFile; fileRef = CD5F22231C7F8B8E00597951 /* NWCalendarMenuView.swift */; };
		CD5F22361C7F8B8E00597951 /* NWCalendarMenuView.swift in Sources */ = {isa = PBXBuildFile; fileRef = CD5F22231C7F8B8E00597951 /* NWCalendarMenuView.swift */; };
		CD5F22371C7F8B8E00597951 /* NWCalendarMonthContentView.swift in Sources */ = {isa = PBXBuildFile; fileRef = CD5F22241C7F8B8E00597951 /* NWCalendarMonthContentView.swift */; };
		CD5F22381C7F8B8E00597951 /* NWCalendarMonthContentView.swift in Sources */ = {isa = PBXBuildFile; fileRef = CD5F22241C7F8B8E00597951 /* NWCalendarMonthContentView.swift */; };
		CD5F22391C7F8B8E00597951 /* NWCalendarMonthContentView.swift in Sources */ = {isa = PBXBuildFile; fileRef = CD5F22241C7F8B8E00597951 /* NWCalendarMonthContentView.swift */; };
		CD5F223A1C7F8B8E00597951 /* NWCalendarMonthSelectorView.swift in Sources */ = {isa = PBXBuildFile; fileRef = CD5F22251C7F8B8E00597951 /* NWCalendarMonthSelectorView.swift */; };
		CD5F223B1C7F8B8E00597951 /* NWCalendarMonthSelectorView.swift in Sources */ = {isa = PBXBuildFile; fileRef = CD5F22251C7F8B8E00597951 /* NWCalendarMonthSelectorView.swift */; };
		CD5F223C1C7F8B8E00597951 /* NWCalendarMonthSelectorView.swift in Sources */ = {isa = PBXBuildFile; fileRef = CD5F22251C7F8B8E00597951 /* NWCalendarMonthSelectorView.swift */; };
		CD5F223D1C7F8B8E00597951 /* NWCalendarMonthView.swift in Sources */ = {isa = PBXBuildFile; fileRef = CD5F22261C7F8B8E00597951 /* NWCalendarMonthView.swift */; };
		CD5F223E1C7F8B8E00597951 /* NWCalendarMonthView.swift in Sources */ = {isa = PBXBuildFile; fileRef = CD5F22261C7F8B8E00597951 /* NWCalendarMonthView.swift */; };
		CD5F223F1C7F8B8E00597951 /* NWCalendarMonthView.swift in Sources */ = {isa = PBXBuildFile; fileRef = CD5F22261C7F8B8E00597951 /* NWCalendarMonthView.swift */; };
		CD5F22401C7F8B8E00597951 /* NWCalendarView.swift in Sources */ = {isa = PBXBuildFile; fileRef = CD5F22271C7F8B8E00597951 /* NWCalendarView.swift */; };
		CD5F22411C7F8B8E00597951 /* NWCalendarView.swift in Sources */ = {isa = PBXBuildFile; fileRef = CD5F22271C7F8B8E00597951 /* NWCalendarView.swift */; };
		CD5F22421C7F8B8E00597951 /* NWCalendarView.swift in Sources */ = {isa = PBXBuildFile; fileRef = CD5F22271C7F8B8E00597951 /* NWCalendarView.swift */; };
		CD5F22441C7F8D7400597951 /* calendarioview.swift in Sources */ = {isa = PBXBuildFile; fileRef = CD5F22431C7F8D7400597951 /* calendarioview.swift */; };
		CD5F22451C7F8D7400597951 /* calendarioview.swift in Sources */ = {isa = PBXBuildFile; fileRef = CD5F22431C7F8D7400597951 /* calendarioview.swift */; };
		CD5F22461C7F8D7400597951 /* calendarioview.swift in Sources */ = {isa = PBXBuildFile; fileRef = CD5F22431C7F8D7400597951 /* calendarioview.swift */; };
		CD63A68E1C9685B9009D62A4 /* modelsdata.swift in Sources */ = {isa = PBXBuildFile; fileRef = CD63A68D1C9685B9009D62A4 /* modelsdata.swift */; };
		CD63A68F1C9685B9009D62A4 /* modelsdata.swift in Sources */ = {isa = PBXBuildFile; fileRef = CD63A68D1C9685B9009D62A4 /* modelsdata.swift */; };
		CD63A6901C9685B9009D62A4 /* modelsdata.swift in Sources */ = {isa = PBXBuildFile; fileRef = CD63A68D1C9685B9009D62A4 /* modelsdata.swift */; };
		CD6F72681C93A34000CAA805 /* terminos.swift in Sources */ = {isa = PBXBuildFile; fileRef = CD6F72671C93A34000CAA805 /* terminos.swift */; };
		CD6F72691C93A34000CAA805 /* terminos.swift in Sources */ = {isa = PBXBuildFile; fileRef = CD6F72671C93A34000CAA805 /* terminos.swift */; };
		CD6F726A1C93A34000CAA805 /* terminos.swift in Sources */ = {isa = PBXBuildFile; fileRef = CD6F72671C93A34000CAA805 /* terminos.swift */; };
		CD7086581C7B99590050C4AE /* mapLocation.swift in Sources */ = {isa = PBXBuildFile; fileRef = CD7086571C7B99590050C4AE /* mapLocation.swift */; };
		CD7086591C7B99590050C4AE /* mapLocation.swift in Sources */ = {isa = PBXBuildFile; fileRef = CD7086571C7B99590050C4AE /* mapLocation.swift */; };
		CD70865A1C7B99590050C4AE /* mapLocation.swift in Sources */ = {isa = PBXBuildFile; fileRef = CD7086571C7B99590050C4AE /* mapLocation.swift */; };
		CD7181B01C5AF4FA004734E4 /* AppDelegate.swift in Sources */ = {isa = PBXBuildFile; fileRef = CD7181AF1C5AF4FA004734E4 /* AppDelegate.swift */; };
		CD7181B21C5AF4FA004734E4 /* ViewController.swift in Sources */ = {isa = PBXBuildFile; fileRef = CD7181B11C5AF4FA004734E4 /* ViewController.swift */; };
		CD7181B51C5AF4FA004734E4 /* Main.storyboard in Resources */ = {isa = PBXBuildFile; fileRef = CD7181B31C5AF4FA004734E4 /* Main.storyboard */; };
		CD7181B81C5AF4FA004734E4 /* locesfa.xcdatamodeld in Sources */ = {isa = PBXBuildFile; fileRef = CD7181B61C5AF4FA004734E4 /* locesfa.xcdatamodeld */; };
		CD7181BA1C5AF4FA004734E4 /* Assets.xcassets in Resources */ = {isa = PBXBuildFile; fileRef = CD7181B91C5AF4FA004734E4 /* Assets.xcassets */; };
		CD7181BD1C5AF4FA004734E4 /* LaunchScreen.storyboard in Resources */ = {isa = PBXBuildFile; fileRef = CD7181BB1C5AF4FA004734E4 /* LaunchScreen.storyboard */; };
		CD7181C81C5AF4FA004734E4 /* locesfaTests.swift in Sources */ = {isa = PBXBuildFile; fileRef = CD7181C71C5AF4FA004734E4 /* locesfaTests.swift */; };
		CD7181D31C5AF4FA004734E4 /* locesfaUITests.swift in Sources */ = {isa = PBXBuildFile; fileRef = CD7181D21C5AF4FA004734E4 /* locesfaUITests.swift */; };
		CD7181E11C5AF551004734E4 /* dataAccess.swift in Sources */ = {isa = PBXBuildFile; fileRef = CD7181E01C5AF551004734E4 /* dataAccess.swift */; };
		CD7181E21C5AF551004734E4 /* dataAccess.swift in Sources */ = {isa = PBXBuildFile; fileRef = CD7181E01C5AF551004734E4 /* dataAccess.swift */; };
		CD7181E31C5AF551004734E4 /* dataAccess.swift in Sources */ = {isa = PBXBuildFile; fileRef = CD7181E01C5AF551004734E4 /* dataAccess.swift */; };
		CD7181EA1C5AF56F004734E4 /* getdata.swift in Sources */ = {isa = PBXBuildFile; fileRef = CD7181E81C5AF56F004734E4 /* getdata.swift */; };
		CD7181EB1C5AF56F004734E4 /* getdata.swift in Sources */ = {isa = PBXBuildFile; fileRef = CD7181E81C5AF56F004734E4 /* getdata.swift */; };
		CD7181EC1C5AF56F004734E4 /* getdata.swift in Sources */ = {isa = PBXBuildFile; fileRef = CD7181E81C5AF56F004734E4 /* getdata.swift */; };
		CD7181ED1C5AF56F004734E4 /* getimage.swift in Sources */ = {isa = PBXBuildFile; fileRef = CD7181E91C5AF56F004734E4 /* getimage.swift */; };
		CD7181EE1C5AF56F004734E4 /* getimage.swift in Sources */ = {isa = PBXBuildFile; fileRef = CD7181E91C5AF56F004734E4 /* getimage.swift */; };
		CD7181EF1C5AF56F004734E4 /* getimage.swift in Sources */ = {isa = PBXBuildFile; fileRef = CD7181E91C5AF56F004734E4 /* getimage.swift */; };
		CD7181F21C5AF5AF004734E4 /* customTableView4.swift in Sources */ = {isa = PBXBuildFile; fileRef = CD7181F11C5AF5AF004734E4 /* customTableView4.swift */; };
		CD7181F31C5AF5AF004734E4 /* customTableView4.swift in Sources */ = {isa = PBXBuildFile; fileRef = CD7181F11C5AF5AF004734E4 /* customTableView4.swift */; };
		CD7181F41C5AF5AF004734E4 /* customTableView4.swift in Sources */ = {isa = PBXBuildFile; fileRef = CD7181F11C5AF5AF004734E4 /* customTableView4.swift */; };
		CD7181F61C5AF5C4004734E4 /* messages.swift in Sources */ = {isa = PBXBuildFile; fileRef = CD7181F51C5AF5C4004734E4 /* messages.swift */; };
		CD7181F71C5AF5C4004734E4 /* messages.swift in Sources */ = {isa = PBXBuildFile; fileRef = CD7181F51C5AF5C4004734E4 /* messages.swift */; };
		CD7181F81C5AF5C4004734E4 /* messages.swift in Sources */ = {isa = PBXBuildFile; fileRef = CD7181F51C5AF5C4004734E4 /* messages.swift */; };
		CD7181FB1C5AF61F004734E4 /* DataSourceEsteticasFixed.swift in Sources */ = {isa = PBXBuildFile; fileRef = CD7181FA1C5AF61F004734E4 /* DataSourceEsteticasFixed.swift */; };
		CD7181FC1C5AF61F004734E4 /* DataSourceEsteticasFixed.swift in Sources */ = {isa = PBXBuildFile; fileRef = CD7181FA1C5AF61F004734E4 /* DataSourceEsteticasFixed.swift */; };
		CD7181FD1C5AF61F004734E4 /* DataSourceEsteticasFixed.swift in Sources */ = {isa = PBXBuildFile; fileRef = CD7181FA1C5AF61F004734E4 /* DataSourceEsteticasFixed.swift */; };
		CD7181FF1C5B285F004734E4 /* mainscene.swift in Sources */ = {isa = PBXBuildFile; fileRef = CD7181FE1C5B285F004734E4 /* mainscene.swift */; };
		CD7182001C5B285F004734E4 /* mainscene.swift in Sources */ = {isa = PBXBuildFile; fileRef = CD7181FE1C5B285F004734E4 /* mainscene.swift */; };
		CD7182011C5B285F004734E4 /* mainscene.swift in Sources */ = {isa = PBXBuildFile; fileRef = CD7181FE1C5B285F004734E4 /* mainscene.swift */; };
		CD7182031C5B2A54004734E4 /* esteticaview.swift in Sources */ = {isa = PBXBuildFile; fileRef = CD7182021C5B2A54004734E4 /* esteticaview.swift */; };
		CD7182041C5B2A54004734E4 /* esteticaview.swift in Sources */ = {isa = PBXBuildFile; fileRef = CD7182021C5B2A54004734E4 /* esteticaview.swift */; };
		CD7182051C5B2A54004734E4 /* esteticaview.swift in Sources */ = {isa = PBXBuildFile; fileRef = CD7182021C5B2A54004734E4 /* esteticaview.swift */; };
		CD759DF21C6A633D00BB60CF /* MapKit.framework in Frameworks */ = {isa = PBXBuildFile; fileRef = CD759DF11C6A633D00BB60CF /* MapKit.framework */; };
		CDAB97611C758F53007DEBFA /* productosview.swift in Sources */ = {isa = PBXBuildFile; fileRef = CDAB97601C758F53007DEBFA /* productosview.swift */; };
		CDAB97621C758F53007DEBFA /* productosview.swift in Sources */ = {isa = PBXBuildFile; fileRef = CDAB97601C758F53007DEBFA /* productosview.swift */; };
		CDAB97631C758F53007DEBFA /* productosview.swift in Sources */ = {isa = PBXBuildFile; fileRef = CDAB97601C758F53007DEBFA /* productosview.swift */; };
		CDAB97651C759012007DEBFA /* DataSourceProductosFixed.swift in Sources */ = {isa = PBXBuildFile; fileRef = CDAB97641C759012007DEBFA /* DataSourceProductosFixed.swift */; };
		CDAB97661C759012007DEBFA /* DataSourceProductosFixed.swift in Sources */ = {isa = PBXBuildFile; fileRef = CDAB97641C759012007DEBFA /* DataSourceProductosFixed.swift */; };
		CDAB97671C759012007DEBFA /* DataSourceProductosFixed.swift in Sources */ = {isa = PBXBuildFile; fileRef = CDAB97641C759012007DEBFA /* DataSourceProductosFixed.swift */; };
		CDB667651C8774A2005067C0 /* citasview.swift in Sources */ = {isa = PBXBuildFile; fileRef = CDB667641C8774A2005067C0 /* citasview.swift */; };
		CDB667661C8774A2005067C0 /* citasview.swift in Sources */ = {isa = PBXBuildFile; fileRef = CDB667641C8774A2005067C0 /* citasview.swift */; };
		CDB667671C8774A2005067C0 /* citasview.swift in Sources */ = {isa = PBXBuildFile; fileRef = CDB667641C8774A2005067C0 /* citasview.swift */; };
		CDB9D2B11C6110AD00EAAF28 /* ObtenPersona.swift in Sources */ = {isa = PBXBuildFile; fileRef = CDB9D2B01C6110AD00EAAF28 /* ObtenPersona.swift */; };
		CDB9D2B21C6110AD00EAAF28 /* ObtenPersona.swift in Sources */ = {isa = PBXBuildFile; fileRef = CDB9D2B01C6110AD00EAAF28 /* ObtenPersona.swift */; };
		CDB9D2B31C6110AD00EAAF28 /* ObtenPersona.swift in Sources */ = {isa = PBXBuildFile; fileRef = CDB9D2B01C6110AD00EAAF28 /* ObtenPersona.swift */; };
		CDB9D2B51C61692500EAAF28 /* extras.swift in Sources */ = {isa = PBXBuildFile; fileRef = CDB9D2B41C61692500EAAF28 /* extras.swift */; };
		CDB9D2B61C61692500EAAF28 /* extras.swift in Sources */ = {isa = PBXBuildFile; fileRef = CDB9D2B41C61692500EAAF28 /* extras.swift */; };
		CDB9D2B71C61692500EAAF28 /* extras.swift in Sources */ = {isa = PBXBuildFile; fileRef = CDB9D2B41C61692500EAAF28 /* extras.swift */; };
		CDC17CAC1C65132E00CAC1F3 /* comentariosview.swift in Sources */ = {isa = PBXBuildFile; fileRef = CDC17CAB1C65132E00CAC1F3 /* comentariosview.swift */; };
		CDC17CAD1C65132E00CAC1F3 /* comentariosview.swift in Sources */ = {isa = PBXBuildFile; fileRef = CDC17CAB1C65132E00CAC1F3 /* comentariosview.swift */; };
		CDC17CAE1C65132E00CAC1F3 /* comentariosview.swift in Sources */ = {isa = PBXBuildFile; fileRef = CDC17CAB1C65132E00CAC1F3 /* comentariosview.swift */; };
		CDC17CB01C65293400CAC1F3 /* RatingControl.swift in Sources */ = {isa = PBXBuildFile; fileRef = CDC17CAF1C65293400CAC1F3 /* RatingControl.swift */; };
		CDC17CB11C65293400CAC1F3 /* RatingControl.swift in Sources */ = {isa = PBXBuildFile; fileRef = CDC17CAF1C65293400CAC1F3 /* RatingControl.swift */; };
		CDC17CB21C65293400CAC1F3 /* RatingControl.swift in Sources */ = {isa = PBXBuildFile; fileRef = CDC17CAF1C65293400CAC1F3 /* RatingControl.swift */; };
		CDC706A41C5EFBAD00AC1275 /* DataSourceServiciosFixed.swift in Sources */ = {isa = PBXBuildFile; fileRef = CDC706A31C5EFBAD00AC1275 /* DataSourceServiciosFixed.swift */; };
		CDC706A51C5EFBAD00AC1275 /* DataSourceServiciosFixed.swift in Sources */ = {isa = PBXBuildFile; fileRef = CDC706A31C5EFBAD00AC1275 /* DataSourceServiciosFixed.swift */; };
		CDC706A61C5EFBAD00AC1275 /* DataSourceServiciosFixed.swift in Sources */ = {isa = PBXBuildFile; fileRef = CDC706A31C5EFBAD00AC1275 /* DataSourceServiciosFixed.swift */; };
		CDC706A81C5F013B00AC1275 /* customTableView1.swift in Sources */ = {isa = PBXBuildFile; fileRef = CDC706A71C5F013B00AC1275 /* customTableView1.swift */; };
		CDC706A91C5F013B00AC1275 /* customTableView1.swift in Sources */ = {isa = PBXBuildFile; fileRef = CDC706A71C5F013B00AC1275 /* customTableView1.swift */; };
		CDC706AA1C5F013B00AC1275 /* customTableView1.swift in Sources */ = {isa = PBXBuildFile; fileRef = CDC706A71C5F013B00AC1275 /* customTableView1.swift */; };
		CDC706AC1C5F2E4E00AC1275 /* customTableView2.swift in Sources */ = {isa = PBXBuildFile; fileRef = CDC706AB1C5F2E4E00AC1275 /* customTableView2.swift */; };
		CDC706AD1C5F2E4E00AC1275 /* customTableView2.swift in Sources */ = {isa = PBXBuildFile; fileRef = CDC706AB1C5F2E4E00AC1275 /* customTableView2.swift */; };
		CDC706AE1C5F2E4E00AC1275 /* customTableView2.swift in Sources */ = {isa = PBXBuildFile; fileRef = CDC706AB1C5F2E4E00AC1275 /* customTableView2.swift */; };
		CDC706B01C5F303500AC1275 /* DataSourceSubServiciosFixed.swift in Sources */ = {isa = PBXBuildFile; fileRef = CDC706AF1C5F303500AC1275 /* DataSourceSubServiciosFixed.swift */; };
		CDC706B11C5F303500AC1275 /* DataSourceSubServiciosFixed.swift in Sources */ = {isa = PBXBuildFile; fileRef = CDC706AF1C5F303500AC1275 /* DataSourceSubServiciosFixed.swift */; };
		CDC706B21C5F303500AC1275 /* DataSourceSubServiciosFixed.swift in Sources */ = {isa = PBXBuildFile; fileRef = CDC706AF1C5F303500AC1275 /* DataSourceSubServiciosFixed.swift */; };
		CDC93CBB1C63CF9400818782 /* catalogViewController.swift in Sources */ = {isa = PBXBuildFile; fileRef = CDC93CBA1C63CF9400818782 /* catalogViewController.swift */; };
		CDC93CBC1C63CF9400818782 /* catalogViewController.swift in Sources */ = {isa = PBXBuildFile; fileRef = CDC93CBA1C63CF9400818782 /* catalogViewController.swift */; };
		CDC93CBD1C63CF9400818782 /* catalogViewController.swift in Sources */ = {isa = PBXBuildFile; fileRef = CDC93CBA1C63CF9400818782 /* catalogViewController.swift */; };
		CDC93CBF1C63D78D00818782 /* CollectionViewCell1.swift in Sources */ = {isa = PBXBuildFile; fileRef = CDC93CBE1C63D78D00818782 /* CollectionViewCell1.swift */; };
		CDC93CC01C63D78D00818782 /* CollectionViewCell1.swift in Sources */ = {isa = PBXBuildFile; fileRef = CDC93CBE1C63D78D00818782 /* CollectionViewCell1.swift */; };
		CDC93CC11C63D78D00818782 /* CollectionViewCell1.swift in Sources */ = {isa = PBXBuildFile; fileRef = CDC93CBE1C63D78D00818782 /* CollectionViewCell1.swift */; };
		CDC93CC31C64234100818782 /* catalogoviewImage.swift in Sources */ = {isa = PBXBuildFile; fileRef = CDC93CC21C64234100818782 /* catalogoviewImage.swift */; };
		CDC93CC41C64234100818782 /* catalogoviewImage.swift in Sources */ = {isa = PBXBuildFile; fileRef = CDC93CC21C64234100818782 /* catalogoviewImage.swift */; };
		CDC93CC51C64234100818782 /* catalogoviewImage.swift in Sources */ = {isa = PBXBuildFile; fileRef = CDC93CC21C64234100818782 /* catalogoviewImage.swift */; };
		CDC93CC71C64669B00818782 /* promocionesview.swift in Sources */ = {isa = PBXBuildFile; fileRef = CDC93CC61C64669B00818782 /* promocionesview.swift */; };
		CDC93CC81C64669B00818782 /* promocionesview.swift in Sources */ = {isa = PBXBuildFile; fileRef = CDC93CC61C64669B00818782 /* promocionesview.swift */; };
		CDC93CC91C64669B00818782 /* promocionesview.swift in Sources */ = {isa = PBXBuildFile; fileRef = CDC93CC61C64669B00818782 /* promocionesview.swift */; };
		CDC93CCF1C646A8A00818782 /* DataSourcePromocionesFixed.swift in Sources */ = {isa = PBXBuildFile; fileRef = CDC93CCE1C646A8A00818782 /* DataSourcePromocionesFixed.swift */; };
		CDC93CD01C646A8A00818782 /* DataSourcePromocionesFixed.swift in Sources */ = {isa = PBXBuildFile; fileRef = CDC93CCE1C646A8A00818782 /* DataSourcePromocionesFixed.swift */; };
		CDC93CD11C646A8A00818782 /* DataSourcePromocionesFixed.swift in Sources */ = {isa = PBXBuildFile; fileRef = CDC93CCE1C646A8A00818782 /* DataSourcePromocionesFixed.swift */; };
		CDD3E7571C6EC67F00A5F0CD /* customTableView5.swift in Sources */ = {isa = PBXBuildFile; fileRef = CDD3E7561C6EC67E00A5F0CD /* customTableView5.swift */; };
		CDD3E7581C6EC77800A5F0CD /* customTableView5.swift in Sources */ = {isa = PBXBuildFile; fileRef = CDD3E7561C6EC67E00A5F0CD /* customTableView5.swift */; };
		CDD3E7591C6EC77900A5F0CD /* customTableView5.swift in Sources */ = {isa = PBXBuildFile; fileRef = CDD3E7561C6EC67E00A5F0CD /* customTableView5.swift */; };
/* End PBXBuildFile section */

/* Begin PBXContainerItemProxy section */
		CD7181C41C5AF4FA004734E4 /* PBXContainerItemProxy */ = {
			isa = PBXContainerItemProxy;
			containerPortal = CD7181A41C5AF4FA004734E4 /* Project object */;
			proxyType = 1;
			remoteGlobalIDString = CD7181AB1C5AF4FA004734E4;
			remoteInfo = locesfa;
		};
		CD7181CF1C5AF4FA004734E4 /* PBXContainerItemProxy */ = {
			isa = PBXContainerItemProxy;
			containerPortal = CD7181A41C5AF4FA004734E4 /* Project object */;
			proxyType = 1;
			remoteGlobalIDString = CD7181AB1C5AF4FA004734E4;
			remoteInfo = locesfa;
		};
/* End PBXContainerItemProxy section */

/* Begin PBXFileReference section */
		CD41C6AC1C5FD0EB0023C520 /* privacidad.swift */ = {isa = PBXFileReference; fileEncoding = 4; lastKnownFileType = sourcecode.swift; path = privacidad.swift; sourceTree = "<group>"; };
		CD41C6B21C6017EF0023C520 /* preferencias.swift */ = {isa = PBXFileReference; fileEncoding = 4; lastKnownFileType = sourcecode.swift; path = preferencias.swift; sourceTree = "<group>"; };
		CD4D9D041C5BF45C005DD971 /* DataSourceComentariosFixed.swift */ = {isa = PBXFileReference; fileEncoding = 4; lastKnownFileType = sourcecode.swift; path = DataSourceComentariosFixed.swift; sourceTree = "<group>"; };
		CD4D9D061C5BF4B4005DD971 /* customTableView3.swift */ = {isa = PBXFileReference; fileEncoding = 4; lastKnownFileType = sourcecode.swift; path = customTableView3.swift; sourceTree = "<group>"; };
		CD5056FA1C87C3960086FCFF /* DataSourceCitasFixed.swift */ = {isa = PBXFileReference; fileEncoding = 4; lastKnownFileType = sourcecode.swift; path = DataSourceCitasFixed.swift; sourceTree = "<group>"; };
		CD53A1A01C5C96BF00A426C2 /* serviciosview.swift */ = {isa = PBXFileReference; fileEncoding = 4; lastKnownFileType = sourcecode.swift; path = serviciosview.swift; sourceTree = "<group>"; };
		CD5A6D151C80D52A001BB3F8 /* serviciosestetica.swift */ = {isa = PBXFileReference; fileEncoding = 4; lastKnownFileType = sourcecode.swift; path = serviciosestetica.swift; sourceTree = "<group>"; };
		CD5F221F1C7F8B8E00597951 /* NSCalendar+NWCalendarView.swift */ = {isa = PBXFileReference; fileEncoding = 4; lastKnownFileType = sourcecode.swift; path = "NSCalendar+NWCalendarView.swift"; sourceTree = "<group>"; };
		CD5F22201C7F8B8E00597951 /* NSDate+NWCalendarView.swift */ = {isa = PBXFileReference; fileEncoding = 4; lastKnownFileType = sourcecode.swift; path = "NSDate+NWCalendarView.swift"; sourceTree = "<group>"; };
		CD5F22211C7F8B8E00597951 /* NWCalendarCache.swift */ = {isa = PBXFileReference; fileEncoding = 4; lastKnownFileType = sourcecode.swift; path = NWCalendarCache.swift; sourceTree = "<group>"; };
		CD5F22221C7F8B8E00597951 /* NWCalendarDayView.swift */ = {isa = PBXFileReference; fileEncoding = 4; lastKnownFileType = sourcecode.swift; path = NWCalendarDayView.swift; sourceTree = "<group>"; };
		CD5F22231C7F8B8E00597951 /* NWCalendarMenuView.swift */ = {isa = PBXFileReference; fileEncoding = 4; lastKnownFileType = sourcecode.swift; path = NWCalendarMenuView.swift; sourceTree = "<group>"; };
		CD5F22241C7F8B8E00597951 /* NWCalendarMonthContentView.swift */ = {isa = PBXFileReference; fileEncoding = 4; lastKnownFileType = sourcecode.swift; path = NWCalendarMonthContentView.swift; sourceTree = "<group>"; };
		CD5F22251C7F8B8E00597951 /* NWCalendarMonthSelectorView.swift */ = {isa = PBXFileReference; fileEncoding = 4; lastKnownFileType = sourcecode.swift; path = NWCalendarMonthSelectorView.swift; sourceTree = "<group>"; };
		CD5F22261C7F8B8E00597951 /* NWCalendarMonthView.swift */ = {isa = PBXFileReference; fileEncoding = 4; lastKnownFileType = sourcecode.swift; path = NWCalendarMonthView.swift; sourceTree = "<group>"; };
		CD5F22271C7F8B8E00597951 /* NWCalendarView.swift */ = {isa = PBXFileReference; fileEncoding = 4; lastKnownFileType = sourcecode.swift; path = NWCalendarView.swift; sourceTree = "<group>"; };
		CD5F22431C7F8D7400597951 /* calendarioview.swift */ = {isa = PBXFileReference; fileEncoding = 4; lastKnownFileType = sourcecode.swift; path = calendarioview.swift; sourceTree = "<group>"; };
		CD63A68D1C9685B9009D62A4 /* modelsdata.swift */ = {isa = PBXFileReference; fileEncoding = 4; lastKnownFileType = sourcecode.swift; path = modelsdata.swift; sourceTree = "<group>"; };
		CD6F72671C93A34000CAA805 /* terminos.swift */ = {isa = PBXFileReference; fileEncoding = 4; lastKnownFileType = sourcecode.swift; path = terminos.swift; sourceTree = "<group>"; };
		CD7086571C7B99590050C4AE /* mapLocation.swift */ = {isa = PBXFileReference; fileEncoding = 4; lastKnownFileType = sourcecode.swift; path = mapLocation.swift; sourceTree = "<group>"; };
		CD7181AC1C5AF4FA004734E4 /* locesfa.app */ = {isa = PBXFileReference; explicitFileType = wrapper.application; includeInIndex = 0; path = locesfa.app; sourceTree = BUILT_PRODUCTS_DIR; };
		CD7181AF1C5AF4FA004734E4 /* AppDelegate.swift */ = {isa = PBXFileReference; lastKnownFileType = sourcecode.swift; path = AppDelegate.swift; sourceTree = "<group>"; };
		CD7181B11C5AF4FA004734E4 /* ViewController.swift */ = {isa = PBXFileReference; lastKnownFileType = sourcecode.swift; path = ViewController.swift; sourceTree = "<group>"; };
		CD7181B41C5AF4FA004734E4 /* Base */ = {isa = PBXFileReference; lastKnownFileType = file.storyboard; name = Base; path = Base.lproj/Main.storyboard; sourceTree = "<group>"; };
		CD7181B71C5AF4FA004734E4 /* locesfa.xcdatamodel */ = {isa = PBXFileReference; lastKnownFileType = wrapper.xcdatamodel; path = locesfa.xcdatamodel; sourceTree = "<group>"; };
		CD7181B91C5AF4FA004734E4 /* Assets.xcassets */ = {isa = PBXFileReference; lastKnownFileType = folder.assetcatalog; path = Assets.xcassets; sourceTree = "<group>"; };
		CD7181BC1C5AF4FA004734E4 /* Base */ = {isa = PBXFileReference; lastKnownFileType = file.storyboard; name = Base; path = Base.lproj/LaunchScreen.storyboard; sourceTree = "<group>"; };
		CD7181BE1C5AF4FA004734E4 /* Info.plist */ = {isa = PBXFileReference; lastKnownFileType = text.plist.xml; path = Info.plist; sourceTree = "<group>"; };
		CD7181C31C5AF4FA004734E4 /* locesfaTests.xctest */ = {isa = PBXFileReference; explicitFileType = wrapper.cfbundle; includeInIndex = 0; path = locesfaTests.xctest; sourceTree = BUILT_PRODUCTS_DIR; };
		CD7181C71C5AF4FA004734E4 /* locesfaTests.swift */ = {isa = PBXFileReference; lastKnownFileType = sourcecode.swift; path = locesfaTests.swift; sourceTree = "<group>"; };
		CD7181C91C5AF4FA004734E4 /* Info.plist */ = {isa = PBXFileReference; lastKnownFileType = text.plist.xml; path = Info.plist; sourceTree = "<group>"; };
		CD7181CE1C5AF4FA004734E4 /* locesfaUITests.xctest */ = {isa = PBXFileReference; explicitFileType = wrapper.cfbundle; includeInIndex = 0; path = locesfaUITests.xctest; sourceTree = BUILT_PRODUCTS_DIR; };
		CD7181D21C5AF4FA004734E4 /* locesfaUITests.swift */ = {isa = PBXFileReference; lastKnownFileType = sourcecode.swift; path = locesfaUITests.swift; sourceTree = "<group>"; };
		CD7181D41C5AF4FA004734E4 /* Info.plist */ = {isa = PBXFileReference; lastKnownFileType = text.plist.xml; path = Info.plist; sourceTree = "<group>"; };
		CD7181E01C5AF551004734E4 /* dataAccess.swift */ = {isa = PBXFileReference; fileEncoding = 4; lastKnownFileType = sourcecode.swift; path = dataAccess.swift; sourceTree = "<group>"; };
		CD7181E81C5AF56F004734E4 /* getdata.swift */ = {isa = PBXFileReference; fileEncoding = 4; lastKnownFileType = sourcecode.swift; path = getdata.swift; sourceTree = "<group>"; };
		CD7181E91C5AF56F004734E4 /* getimage.swift */ = {isa = PBXFileReference; fileEncoding = 4; lastKnownFileType = sourcecode.swift; path = getimage.swift; sourceTree = "<group>"; };
		CD7181F11C5AF5AF004734E4 /* customTableView4.swift */ = {isa = PBXFileReference; fileEncoding = 4; lastKnownFileType = sourcecode.swift; path = customTableView4.swift; sourceTree = "<group>"; };
		CD7181F51C5AF5C4004734E4 /* messages.swift */ = {isa = PBXFileReference; fileEncoding = 4; lastKnownFileType = sourcecode.swift; path = messages.swift; sourceTree = "<group>"; };
		CD7181FA1C5AF61F004734E4 /* DataSourceEsteticasFixed.swift */ = {isa = PBXFileReference; fileEncoding = 4; lastKnownFileType = sourcecode.swift; path = DataSourceEsteticasFixed.swift; sourceTree = "<group>"; };
		CD7181FE1C5B285F004734E4 /* mainscene.swift */ = {isa = PBXFileReference; fileEncoding = 4; lastKnownFileType = sourcecode.swift; path = mainscene.swift; sourceTree = "<group>"; };
		CD7182021C5B2A54004734E4 /* esteticaview.swift */ = {isa = PBXFileReference; fileEncoding = 4; lastKnownFileType = sourcecode.swift; path = esteticaview.swift; sourceTree = "<group>"; };
		CD759DF11C6A633D00BB60CF /* MapKit.framework */ = {isa = PBXFileReference; lastKnownFileType = wrapper.framework; name = MapKit.framework; path = System/Library/Frameworks/MapKit.framework; sourceTree = SDKROOT; };
		CDAB97601C758F53007DEBFA /* productosview.swift */ = {isa = PBXFileReference; fileEncoding = 4; lastKnownFileType = sourcecode.swift; path = productosview.swift; sourceTree = "<group>"; };
		CDAB97641C759012007DEBFA /* DataSourceProductosFixed.swift */ = {isa = PBXFileReference; fileEncoding = 4; lastKnownFileType = sourcecode.swift; path = DataSourceProductosFixed.swift; sourceTree = "<group>"; };
		CDB667641C8774A2005067C0 /* citasview.swift */ = {isa = PBXFileReference; fileEncoding = 4; lastKnownFileType = sourcecode.swift; path = citasview.swift; sourceTree = "<group>"; };
		CDB9D2B01C6110AD00EAAF28 /* ObtenPersona.swift */ = {isa = PBXFileReference; fileEncoding = 4; lastKnownFileType = sourcecode.swift; path = ObtenPersona.swift; sourceTree = "<group>"; };
		CDB9D2B41C61692500EAAF28 /* extras.swift */ = {isa = PBXFileReference; fileEncoding = 4; lastKnownFileType = sourcecode.swift; path = extras.swift; sourceTree = "<group>"; };
		CDC17CAB1C65132E00CAC1F3 /* comentariosview.swift */ = {isa = PBXFileReference; fileEncoding = 4; lastKnownFileType = sourcecode.swift; path = comentariosview.swift; sourceTree = "<group>"; };
		CDC17CAF1C65293400CAC1F3 /* RatingControl.swift */ = {isa = PBXFileReference; fileEncoding = 4; lastKnownFileType = sourcecode.swift; path = RatingControl.swift; sourceTree = "<group>"; };
		CDC706A31C5EFBAD00AC1275 /* DataSourceServiciosFixed.swift */ = {isa = PBXFileReference; fileEncoding = 4; lastKnownFileType = sourcecode.swift; path = DataSourceServiciosFixed.swift; sourceTree = "<group>"; };
		CDC706A71C5F013B00AC1275 /* customTableView1.swift */ = {isa = PBXFileReference; fileEncoding = 4; lastKnownFileType = sourcecode.swift; path = customTableView1.swift; sourceTree = "<group>"; };
		CDC706AB1C5F2E4E00AC1275 /* customTableView2.swift */ = {isa = PBXFileReference; fileEncoding = 4; lastKnownFileType = sourcecode.swift; path = customTableView2.swift; sourceTree = "<group>"; };
		CDC706AF1C5F303500AC1275 /* DataSourceSubServiciosFixed.swift */ = {isa = PBXFileReference; fileEncoding = 4; lastKnownFileType = sourcecode.swift; path = DataSourceSubServiciosFixed.swift; sourceTree = "<group>"; };
		CDC93CBA1C63CF9400818782 /* catalogViewController.swift */ = {isa = PBXFileReference; fileEncoding = 4; lastKnownFileType = sourcecode.swift; path = catalogViewController.swift; sourceTree = "<group>"; };
		CDC93CBE1C63D78D00818782 /* CollectionViewCell1.swift */ = {isa = PBXFileReference; fileEncoding = 4; lastKnownFileType = sourcecode.swift; path = CollectionViewCell1.swift; sourceTree = "<group>"; };
		CDC93CC21C64234100818782 /* catalogoviewImage.swift */ = {isa = PBXFileReference; fileEncoding = 4; lastKnownFileType = sourcecode.swift; path = catalogoviewImage.swift; sourceTree = "<group>"; };
		CDC93CC61C64669B00818782 /* promocionesview.swift */ = {isa = PBXFileReference; fileEncoding = 4; lastKnownFileType = sourcecode.swift; path = promocionesview.swift; sourceTree = "<group>"; };
		CDC93CCE1C646A8A00818782 /* DataSourcePromocionesFixed.swift */ = {isa = PBXFileReference; fileEncoding = 4; lastKnownFileType = sourcecode.swift; path = DataSourcePromocionesFixed.swift; sourceTree = "<group>"; };
		CDD3E7561C6EC67E00A5F0CD /* customTableView5.swift */ = {isa = PBXFileReference; fileEncoding = 4; lastKnownFileType = sourcecode.swift; path = customTableView5.swift; sourceTree = "<group>"; };
/* End PBXFileReference section */

/* Begin PBXFrameworksBuildPhase section */
		CD7181A91C5AF4FA004734E4 /* Frameworks */ = {
			isa = PBXFrameworksBuildPhase;
			buildActionMask = 2147483647;
			files = (
				CD759DF21C6A633D00BB60CF /* MapKit.framework in Frameworks */,
			);
			runOnlyForDeploymentPostprocessing = 0;
		};
		CD7181C01C5AF4FA004734E4 /* Frameworks */ = {
			isa = PBXFrameworksBuildPhase;
			buildActionMask = 2147483647;
			files = (
			);
			runOnlyForDeploymentPostprocessing = 0;
		};
		CD7181CB1C5AF4FA004734E4 /* Frameworks */ = {
			isa = PBXFrameworksBuildPhase;
			buildActionMask = 2147483647;
			files = (
			);
			runOnlyForDeploymentPostprocessing = 0;
		};
/* End PBXFrameworksBuildPhase section */

/* Begin PBXGroup section */
		CD5F221E1C7F8B3600597951 /* calendarview */ = {
			isa = PBXGroup;
			children = (
				CD5F221F1C7F8B8E00597951 /* NSCalendar+NWCalendarView.swift */,
				CD5F22201C7F8B8E00597951 /* NSDate+NWCalendarView.swift */,
				CD5F22211C7F8B8E00597951 /* NWCalendarCache.swift */,
				CD5F22221C7F8B8E00597951 /* NWCalendarDayView.swift */,
				CD5F22231C7F8B8E00597951 /* NWCalendarMenuView.swift */,
				CD5F22241C7F8B8E00597951 /* NWCalendarMonthContentView.swift */,
				CD5F22251C7F8B8E00597951 /* NWCalendarMonthSelectorView.swift */,
				CD5F22261C7F8B8E00597951 /* NWCalendarMonthView.swift */,
				CD5F22271C7F8B8E00597951 /* NWCalendarView.swift */,
			);
			name = calendarview;
			sourceTree = "<group>";
		};
		CD7181A31C5AF4FA004734E4 = {
			isa = PBXGroup;
			children = (
				CD759DF11C6A633D00BB60CF /* MapKit.framework */,
				CD7181AE1C5AF4FA004734E4 /* locesfa */,
				CD7181C61C5AF4FA004734E4 /* locesfaTests */,
				CD7181D11C5AF4FA004734E4 /* locesfaUITests */,
				CD7181AD1C5AF4FA004734E4 /* Products */,
			);
			sourceTree = "<group>";
		};
		CD7181AD1C5AF4FA004734E4 /* Products */ = {
			isa = PBXGroup;
			children = (
				CD7181AC1C5AF4FA004734E4 /* locesfa.app */,
				CD7181C31C5AF4FA004734E4 /* locesfaTests.xctest */,
				CD7181CE1C5AF4FA004734E4 /* locesfaUITests.xctest */,
			);
			name = Products;
			sourceTree = "<group>";
		};
		CD7181AE1C5AF4FA004734E4 /* locesfa */ = {
			isa = PBXGroup;
			children = (
				CD5F221E1C7F8B3600597951 /* calendarview */,
				CD7181E01C5AF551004734E4 /* dataAccess.swift */,
				CD5F22431C7F8D7400597951 /* calendarioview.swift */,
				CDB9D2B01C6110AD00EAAF28 /* ObtenPersona.swift */,
				CD7181E81C5AF56F004734E4 /* getdata.swift */,
				CD7181E91C5AF56F004734E4 /* getimage.swift */,
				CD63A68D1C9685B9009D62A4 /* modelsdata.swift */,
				CD7181F51C5AF5C4004734E4 /* messages.swift */,
				CD7181AF1C5AF4FA004734E4 /* AppDelegate.swift */,
				CD7181B11C5AF4FA004734E4 /* ViewController.swift */,
				CD41C6AC1C5FD0EB0023C520 /* privacidad.swift */,
				CD7181B31C5AF4FA004734E4 /* Main.storyboard */,
				CD6F72671C93A34000CAA805 /* terminos.swift */,
				CDB667641C8774A2005067C0 /* citasview.swift */,
				CD5A6D151C80D52A001BB3F8 /* serviciosestetica.swift */,
				CD7086571C7B99590050C4AE /* mapLocation.swift */,
				CDAB97601C758F53007DEBFA /* productosview.swift */,
				CD7181B91C5AF4FA004734E4 /* Assets.xcassets */,
				CD7181BB1C5AF4FA004734E4 /* LaunchScreen.storyboard */,
				CD7181BE1C5AF4FA004734E4 /* Info.plist */,
				CD7181FE1C5B285F004734E4 /* mainscene.swift */,
				CD7182021C5B2A54004734E4 /* esteticaview.swift */,
				CD53A1A01C5C96BF00A426C2 /* serviciosview.swift */,
				CD41C6B21C6017EF0023C520 /* preferencias.swift */,
				CDC93CC61C64669B00818782 /* promocionesview.swift */,
				CDC17CAB1C65132E00CAC1F3 /* comentariosview.swift */,
				CD7181F91C5AF5FA004734E4 /* dataSources */,
				CD7181F01C5AF583004734E4 /* customCells */,
				CD7181B61C5AF4FA004734E4 /* locesfa.xcdatamodeld */,
				CDB9D2B41C61692500EAAF28 /* extras.swift */,
				CDC93CBA1C63CF9400818782 /* catalogViewController.swift */,
				CDC93CC21C64234100818782 /* catalogoviewImage.swift */,
			);
			path = locesfa;
			sourceTree = "<group>";
		};
		CD7181C61C5AF4FA004734E4 /* locesfaTests */ = {
			isa = PBXGroup;
			children = (
				CD7181C71C5AF4FA004734E4 /* locesfaTests.swift */,
				CD7181C91C5AF4FA004734E4 /* Info.plist */,
			);
			path = locesfaTests;
			sourceTree = "<group>";
		};
		CD7181D11C5AF4FA004734E4 /* locesfaUITests */ = {
			isa = PBXGroup;
			children = (
				CD7181D21C5AF4FA004734E4 /* locesfaUITests.swift */,
				CD7181D41C5AF4FA004734E4 /* Info.plist */,
			);
			path = locesfaUITests;
			sourceTree = "<group>";
		};
		CD7181F01C5AF583004734E4 /* customCells */ = {
			isa = PBXGroup;
			children = (
				CDC17CAF1C65293400CAC1F3 /* RatingControl.swift */,
				CD4D9D061C5BF4B4005DD971 /* customTableView3.swift */,
				CDD3E7561C6EC67E00A5F0CD /* customTableView5.swift */,
				CD7181F11C5AF5AF004734E4 /* customTableView4.swift */,
				CDC706A71C5F013B00AC1275 /* customTableView1.swift */,
				CDC706AB1C5F2E4E00AC1275 /* customTableView2.swift */,
				CDC93CBE1C63D78D00818782 /* CollectionViewCell1.swift */,
			);
			name = customCells;
			sourceTree = "<group>";
		};
		CD7181F91C5AF5FA004734E4 /* dataSources */ = {
			isa = PBXGroup;
			children = (
				CDC706A31C5EFBAD00AC1275 /* DataSourceServiciosFixed.swift */,
				CDC93CCE1C646A8A00818782 /* DataSourcePromocionesFixed.swift */,
				CDAB97641C759012007DEBFA /* DataSourceProductosFixed.swift */,
				CD4D9D041C5BF45C005DD971 /* DataSourceComentariosFixed.swift */,
				CD5056FA1C87C3960086FCFF /* DataSourceCitasFixed.swift */,
				CDC706AF1C5F303500AC1275 /* DataSourceSubServiciosFixed.swift */,
				CD7181FA1C5AF61F004734E4 /* DataSourceEsteticasFixed.swift */,
			);
			name = dataSources;
			sourceTree = "<group>";
		};
/* End PBXGroup section */

/* Begin PBXNativeTarget section */
		CD7181AB1C5AF4FA004734E4 /* locesfa */ = {
			isa = PBXNativeTarget;
			buildConfigurationList = CD7181D71C5AF4FA004734E4 /* Build configuration list for PBXNativeTarget "locesfa" */;
			buildPhases = (
				CD7181A81C5AF4FA004734E4 /* Sources */,
				CD7181A91C5AF4FA004734E4 /* Frameworks */,
				CD7181AA1C5AF4FA004734E4 /* Resources */,
			);
			buildRules = (
			);
			dependencies = (
			);
			name = locesfa;
			productName = locesfa;
			productReference = CD7181AC1C5AF4FA004734E4 /* locesfa.app */;
			productType = "com.apple.product-type.application";
		};
		CD7181C21C5AF4FA004734E4 /* locesfaTests */ = {
			isa = PBXNativeTarget;
			buildConfigurationList = CD7181DA1C5AF4FA004734E4 /* Build configuration list for PBXNativeTarget "locesfaTests" */;
			buildPhases = (
				CD7181BF1C5AF4FA004734E4 /* Sources */,
				CD7181C01C5AF4FA004734E4 /* Frameworks */,
				CD7181C11C5AF4FA004734E4 /* Resources */,
			);
			buildRules = (
			);
			dependencies = (
				CD7181C51C5AF4FA004734E4 /* PBXTargetDependency */,
			);
			name = locesfaTests;
			productName = locesfaTests;
			productReference = CD7181C31C5AF4FA004734E4 /* locesfaTests.xctest */;
			productType = "com.apple.product-type.bundle.unit-test";
		};
		CD7181CD1C5AF4FA004734E4 /* locesfaUITests */ = {
			isa = PBXNativeTarget;
			buildConfigurationList = CD7181DD1C5AF4FA004734E4 /* Build configuration list for PBXNativeTarget "locesfaUITests" */;
			buildPhases = (
				CD7181CA1C5AF4FA004734E4 /* Sources */,
				CD7181CB1C5AF4FA004734E4 /* Frameworks */,
				CD7181CC1C5AF4FA004734E4 /* Resources */,
			);
			buildRules = (
			);
			dependencies = (
				CD7181D01C5AF4FA004734E4 /* PBXTargetDependency */,
			);
			name = locesfaUITests;
			productName = locesfaUITests;
			productReference = CD7181CE1C5AF4FA004734E4 /* locesfaUITests.xctest */;
			productType = "com.apple.product-type.bundle.ui-testing";
		};
/* End PBXNativeTarget section */

/* Begin PBXProject section */
		CD7181A41C5AF4FA004734E4 /* Project object */ = {
			isa = PBXProject;
			attributes = {
				LastSwiftUpdateCheck = 0720;
				LastUpgradeCheck = 0720;
				ORGANIZATIONNAME = datalabor.com.mx;
				TargetAttributes = {
					CD7181AB1C5AF4FA004734E4 = {
						CreatedOnToolsVersion = 7.2;
						SystemCapabilities = {
							com.apple.Maps.iOS = {
								enabled = 1;
							};
						};
					};
					CD7181C21C5AF4FA004734E4 = {
						CreatedOnToolsVersion = 7.2;
						TestTargetID = CD7181AB1C5AF4FA004734E4;
					};
					CD7181CD1C5AF4FA004734E4 = {
						CreatedOnToolsVersion = 7.2;
						TestTargetID = CD7181AB1C5AF4FA004734E4;
					};
				};
			};
			buildConfigurationList = CD7181A71C5AF4FA004734E4 /* Build configuration list for PBXProject "locesfa" */;
			compatibilityVersion = "Xcode 3.2";
			developmentRegion = English;
			hasScannedForEncodings = 0;
			knownRegions = (
				en,
				Base,
			);
			mainGroup = CD7181A31C5AF4FA004734E4;
			productRefGroup = CD7181AD1C5AF4FA004734E4 /* Products */;
			projectDirPath = "";
			projectRoot = "";
			targets = (
				CD7181AB1C5AF4FA004734E4 /* locesfa */,
				CD7181C21C5AF4FA004734E4 /* locesfaTests */,
				CD7181CD1C5AF4FA004734E4 /* locesfaUITests */,
			);
		};
/* End PBXProject section */

/* Begin PBXResourcesBuildPhase section */
		CD7181AA1C5AF4FA004734E4 /* Resources */ = {
			isa = PBXResourcesBuildPhase;
			buildActionMask = 2147483647;
			files = (
				CD7181BD1C5AF4FA004734E4 /* LaunchScreen.storyboard in Resources */,
				CD7181BA1C5AF4FA004734E4 /* Assets.xcassets in Resources */,
				CD7181B51C5AF4FA004734E4 /* Main.storyboard in Resources */,
			);
			runOnlyForDeploymentPostprocessing = 0;
		};
		CD7181C11C5AF4FA004734E4 /* Resources */ = {
			isa = PBXResourcesBuildPhase;
			buildActionMask = 2147483647;
			files = (
				CD41C6B01C5FDCF80023C520 /* Assets.xcassets in Resources */,
			);
			runOnlyForDeploymentPostprocessing = 0;
		};
		CD7181CC1C5AF4FA004734E4 /* Resources */ = {
			isa = PBXResourcesBuildPhase;
			buildActionMask = 2147483647;
			files = (
				CD41C6B11C5FDCF90023C520 /* Assets.xcassets in Resources */,
			);
			runOnlyForDeploymentPostprocessing = 0;
		};
/* End PBXResourcesBuildPhase section */

/* Begin PBXSourcesBuildPhase section */
		CD7181A81C5AF4FA004734E4 /* Sources */ = {
			isa = PBXSourcesBuildPhase;
			buildActionMask = 2147483647;
			files = (
				CDC93CC31C64234100818782 /* catalogoviewImage.swift in Sources */,
				CDC93CBB1C63CF9400818782 /* catalogViewController.swift in Sources */,
				CD7181F61C5AF5C4004734E4 /* messages.swift in Sources */,
				CD4D9D051C5BF45C005DD971 /* DataSourceComentariosFixed.swift in Sources */,
				CDD3E7571C6EC67F00A5F0CD /* customTableView5.swift in Sources */,
				CDC93CCF1C646A8A00818782 /* DataSourcePromocionesFixed.swift in Sources */,
				CDAB97611C758F53007DEBFA /* productosview.swift in Sources */,
				CDC706B01C5F303500AC1275 /* DataSourceSubServiciosFixed.swift in Sources */,
				CD7181FF1C5B285F004734E4 /* mainscene.swift in Sources */,
				CD5A6D161C80D52A001BB3F8 /* serviciosestetica.swift in Sources */,
				CD7181EA1C5AF56F004734E4 /* getdata.swift in Sources */,
				CD53A1A11C5C96BF00A426C2 /* serviciosview.swift in Sources */,
				CD41C6B31C6017EF0023C520 /* preferencias.swift in Sources */,
				CDB9D2B51C61692500EAAF28 /* extras.swift in Sources */,
				CD7181B21C5AF4FA004734E4 /* ViewController.swift in Sources */,
				CDC93CBF1C63D78D00818782 /* CollectionViewCell1.swift in Sources */,
				CD7181FB1C5AF61F004734E4 /* DataSourceEsteticasFixed.swift in Sources */,
				CD5F22371C7F8B8E00597951 /* NWCalendarMonthContentView.swift in Sources */,
				CD7086581C7B99590050C4AE /* mapLocation.swift in Sources */,
				CD5F223D1C7F8B8E00597951 /* NWCalendarMonthView.swift in Sources */,
				CD5F222E1C7F8B8E00597951 /* NWCalendarCache.swift in Sources */,
				CD5F22341C7F8B8E00597951 /* NWCalendarMenuView.swift in Sources */,
				CDB9D2B11C6110AD00EAAF28 /* ObtenPersona.swift in Sources */,
				CD63A68E1C9685B9009D62A4 /* modelsdata.swift in Sources */,
				CD7181B81C5AF4FA004734E4 /* locesfa.xcdatamodeld in Sources */,
				CDC17CAC1C65132E00CAC1F3 /* comentariosview.swift in Sources */,
				CD5F223A1C7F8B8E00597951 /* NWCalendarMonthSelectorView.swift in Sources */,
				CD7182031C5B2A54004734E4 /* esteticaview.swift in Sources */,
				CDC706AC1C5F2E4E00AC1275 /* customTableView2.swift in Sources */,
				CDC706A81C5F013B00AC1275 /* customTableView1.swift in Sources */,
				CDB667651C8774A2005067C0 /* citasview.swift in Sources */,
				CD7181F21C5AF5AF004734E4 /* customTableView4.swift in Sources */,
				CD41C6AD1C5FD0EB0023C520 /* privacidad.swift in Sources */,
				CD5056FB1C87C3960086FCFF /* DataSourceCitasFixed.swift in Sources */,
				CD5F22281C7F8B8E00597951 /* NSCalendar+NWCalendarView.swift in Sources */,
				CD5F22441C7F8D7400597951 /* calendarioview.swift in Sources */,
				CD5F222B1C7F8B8E00597951 /* NSDate+NWCalendarView.swift in Sources */,
				CD5F22311C7F8B8E00597951 /* NWCalendarDayView.swift in Sources */,
				CDAB97651C759012007DEBFA /* DataSourceProductosFixed.swift in Sources */,
				CDC706A41C5EFBAD00AC1275 /* DataSourceServiciosFixed.swift in Sources */,
				CD4D9D071C5BF4B4005DD971 /* customTableView3.swift in Sources */,
				CD7181ED1C5AF56F004734E4 /* getimage.swift in Sources */,
				CD6F72681C93A34000CAA805 /* terminos.swift in Sources */,
				CD7181B01C5AF4FA004734E4 /* AppDelegate.swift in Sources */,
				CDC93CC71C64669B00818782 /* promocionesview.swift in Sources */,
				CD5F22401C7F8B8E00597951 /* NWCalendarView.swift in Sources */,
				CDC17CB01C65293400CAC1F3 /* RatingControl.swift in Sources */,
				CD7181E11C5AF551004734E4 /* dataAccess.swift in Sources */,
			);
			runOnlyForDeploymentPostprocessing = 0;
		};
		CD7181BF1C5AF4FA004734E4 /* Sources */ = {
			isa = PBXSourcesBuildPhase;
			buildActionMask = 2147483647;
			files = (
				CDC17CB11C65293400CAC1F3 /* RatingControl.swift in Sources */,
				CD4D9D0A1C5BF4B9005DD971 /* DataSourceComentariosFixed.swift in Sources */,
				CDC706AD1C5F2E4E00AC1275 /* customTableView2.swift in Sources */,
				CDC706B11C5F303500AC1275 /* DataSourceSubServiciosFixed.swift in Sources */,
				CD7181C81C5AF4FA004734E4 /* locesfaTests.swift in Sources */,
				CD7086591C7B99590050C4AE /* mapLocation.swift in Sources */,
				CD5F22291C7F8B8E00597951 /* NSCalendar+NWCalendarView.swift in Sources */,
				CD5F223B1C7F8B8E00597951 /* NWCalendarMonthSelectorView.swift in Sources */,
				CD6F72691C93A34000CAA805 /* terminos.swift in Sources */,
				CD5056FC1C87C3960086FCFF /* DataSourceCitasFixed.swift in Sources */,
				CDC93CC01C63D78D00818782 /* CollectionViewCell1.swift in Sources */,
				CD7181FC1C5AF61F004734E4 /* DataSourceEsteticasFixed.swift in Sources */,
				CD5F22451C7F8D7400597951 /* calendarioview.swift in Sources */,
				CD63A68F1C9685B9009D62A4 /* modelsdata.swift in Sources */,
				CD5F222C1C7F8B8E00597951 /* NSDate+NWCalendarView.swift in Sources */,
				CD5F223E1C7F8B8E00597951 /* NWCalendarMonthView.swift in Sources */,
				CDB667661C8774A2005067C0 /* citasview.swift in Sources */,
				CDB9D2B21C6110AD00EAAF28 /* ObtenPersona.swift in Sources */,
				CDC93CBC1C63CF9400818782 /* catalogViewController.swift in Sources */,
				CDC706A51C5EFBAD00AC1275 /* DataSourceServiciosFixed.swift in Sources */,
				CD7181F31C5AF5AF004734E4 /* customTableView4.swift in Sources */,
				CD5F22381C7F8B8E00597951 /* NWCalendarMonthContentView.swift in Sources */,
				CDC93CC41C64234100818782 /* catalogoviewImage.swift in Sources */,
				CD7182041C5B2A54004734E4 /* esteticaview.swift in Sources */,
				CDC706A91C5F013B00AC1275 /* customTableView1.swift in Sources */,
				CD7181EB1C5AF56F004734E4 /* getdata.swift in Sources */,
				CD5F222F1C7F8B8E00597951 /* NWCalendarCache.swift in Sources */,
				CDC93CC81C64669B00818782 /* promocionesview.swift in Sources */,
				CDD3E7581C6EC77800A5F0CD /* customTableView5.swift in Sources */,
				CD7182001C5B285F004734E4 /* mainscene.swift in Sources */,
				CD41C6B41C6017EF0023C520 /* preferencias.swift in Sources */,
				CDC17CAD1C65132E00CAC1F3 /* comentariosview.swift in Sources */,
				CD5F22411C7F8B8E00597951 /* NWCalendarView.swift in Sources */,
				CD41C6AE1C5FD0EB0023C520 /* privacidad.swift in Sources */,
				CDAB97661C759012007DEBFA /* DataSourceProductosFixed.swift in Sources */,
				CD7181F71C5AF5C4004734E4 /* messages.swift in Sources */,
				CD53A1A21C5C96BF00A426C2 /* serviciosview.swift in Sources */,
				CDB9D2B61C61692500EAAF28 /* extras.swift in Sources */,
				CDAB97621C758F53007DEBFA /* productosview.swift in Sources */,
				CDC93CD01C646A8A00818782 /* DataSourcePromocionesFixed.swift in Sources */,
				CD5F22321C7F8B8E00597951 /* NWCalendarDayView.swift in Sources */,
				CD5F22351C7F8B8E00597951 /* NWCalendarMenuView.swift in Sources */,
				CD5A6D171C80D52A001BB3F8 /* serviciosestetica.swift in Sources */,
				CD7181EE1C5AF56F004734E4 /* getimage.swift in Sources */,
				CD4D9D081C5BF4B4005DD971 /* customTableView3.swift in Sources */,
				CD7181E21C5AF551004734E4 /* dataAccess.swift in Sources */,
			);
			runOnlyForDeploymentPostprocessing = 0;
		};
		CD7181CA1C5AF4FA004734E4 /* Sources */ = {
			isa = PBXSourcesBuildPhase;
			buildActionMask = 2147483647;
			files = (
				CDC17CB21C65293400CAC1F3 /* RatingControl.swift in Sources */,
				CD4D9D0B1C5BF4BA005DD971 /* DataSourceComentariosFixed.swift in Sources */,
				CDC706AE1C5F2E4E00AC1275 /* customTableView2.swift in Sources */,
				CDC706B21C5F303500AC1275 /* DataSourceSubServiciosFixed.swift in Sources */,
				CD7181D31C5AF4FA004734E4 /* locesfaUITests.swift in Sources */,
				CD70865A1C7B99590050C4AE /* mapLocation.swift in Sources */,
				CD5F222A1C7F8B8E00597951 /* NSCalendar+NWCalendarView.swift in Sources */,
				CD5F223C1C7F8B8E00597951 /* NWCalendarMonthSelectorView.swift in Sources */,
				CD6F726A1C93A34000CAA805 /* terminos.swift in Sources */,
				CD5056FD1C87C3960086FCFF /* DataSourceCitasFixed.swift in Sources */,
				CDC93CC11C63D78D00818782 /* CollectionViewCell1.swift in Sources */,
				CD7181FD1C5AF61F004734E4 /* DataSourceEsteticasFixed.swift in Sources */,
				CD5F22461C7F8D7400597951 /* calendarioview.swift in Sources */,
				CD63A6901C9685B9009D62A4 /* modelsdata.swift in Sources */,
				CD5F222D1C7F8B8E00597951 /* NSDate+NWCalendarView.swift in Sources */,
				CD5F223F1C7F8B8E00597951 /* NWCalendarMonthView.swift in Sources */,
				CDB667671C8774A2005067C0 /* citasview.swift in Sources */,
				CDB9D2B31C6110AD00EAAF28 /* ObtenPersona.swift in Sources */,
				CDC93CBD1C63CF9400818782 /* catalogViewController.swift in Sources */,
				CDC706A61C5EFBAD00AC1275 /* DataSourceServiciosFixed.swift in Sources */,
				CD7181F41C5AF5AF004734E4 /* customTableView4.swift in Sources */,
				CD5F22391C7F8B8E00597951 /* NWCalendarMonthContentView.swift in Sources */,
				CDC93CC51C64234100818782 /* catalogoviewImage.swift in Sources */,
				CD7182051C5B2A54004734E4 /* esteticaview.swift in Sources */,
				CDC706AA1C5F013B00AC1275 /* customTableView1.swift in Sources */,
				CD7181EC1C5AF56F004734E4 /* getdata.swift in Sources */,
				CD5F22301C7F8B8E00597951 /* NWCalendarCache.swift in Sources */,
				CDC93CC91C64669B00818782 /* promocionesview.swift in Sources */,
				CDD3E7591C6EC77900A5F0CD /* customTableView5.swift in Sources */,
				CD7182011C5B285F004734E4 /* mainscene.swift in Sources */,
				CD41C6B51C6017EF0023C520 /* preferencias.swift in Sources */,
				CDC17CAE1C65132E00CAC1F3 /* comentariosview.swift in Sources */,
				CD5F22421C7F8B8E00597951 /* NWCalendarView.swift in Sources */,
				CD41C6AF1C5FD0EB0023C520 /* privacidad.swift in Sources */,
				CDAB97671C759012007DEBFA /* DataSourceProductosFixed.swift in Sources */,
				CD7181F81C5AF5C4004734E4 /* messages.swift in Sources */,
				CD53A1A31C5C96BF00A426C2 /* serviciosview.swift in Sources */,
				CDB9D2B71C61692500EAAF28 /* extras.swift in Sources */,
				CDAB97631C758F53007DEBFA /* productosview.swift in Sources */,
				CDC93CD11C646A8A00818782 /* DataSourcePromocionesFixed.swift in Sources */,
				CD5F22331C7F8B8E00597951 /* NWCalendarDayView.swift in Sources */,
				CD5F22361C7F8B8E00597951 /* NWCalendarMenuView.swift in Sources */,
				CD5A6D181C80D52A001BB3F8 /* serviciosestetica.swift in Sources */,
				CD7181EF1C5AF56F004734E4 /* getimage.swift in Sources */,
				CD4D9D091C5BF4B4005DD971 /* customTableView3.swift in Sources */,
				CD7181E31C5AF551004734E4 /* dataAccess.swift in Sources */,
			);
			runOnlyForDeploymentPostprocessing = 0;
		};
/* End PBXSourcesBuildPhase section */

/* Begin PBXTargetDependency section */
		CD7181C51C5AF4FA004734E4 /* PBXTargetDependency */ = {
			isa = PBXTargetDependency;
			target = CD7181AB1C5AF4FA004734E4 /* locesfa */;
			targetProxy = CD7181C41C5AF4FA004734E4 /* PBXContainerItemProxy */;
		};
		CD7181D01C5AF4FA004734E4 /* PBXTargetDependency */ = {
			isa = PBXTargetDependency;
			target = CD7181AB1C5AF4FA004734E4 /* locesfa */;
			targetProxy = CD7181CF1C5AF4FA004734E4 /* PBXContainerItemProxy */;
		};
/* End PBXTargetDependency section */

/* Begin PBXVariantGroup section */
		CD7181B31C5AF4FA004734E4 /* Main.storyboard */ = {
			isa = PBXVariantGroup;
			children = (
				CD7181B41C5AF4FA004734E4 /* Base */,
			);
			name = Main.storyboard;
			sourceTree = "<group>";
		};
		CD7181BB1C5AF4FA004734E4 /* LaunchScreen.storyboard */ = {
			isa = PBXVariantGroup;
			children = (
				CD7181BC1C5AF4FA004734E4 /* Base */,
			);
			name = LaunchScreen.storyboard;
			sourceTree = "<group>";
		};
/* End PBXVariantGroup section */

/* Begin XCBuildConfiguration section */
		CD7181D51C5AF4FA004734E4 /* Debug */ = {
			isa = XCBuildConfiguration;
			buildSettings = {
				ALWAYS_SEARCH_USER_PATHS = NO;
				CLANG_CXX_LANGUAGE_STANDARD = "gnu++0x";
				CLANG_CXX_LIBRARY = "libc++";
				CLANG_ENABLE_MODULES = YES;
				CLANG_ENABLE_OBJC_ARC = YES;
				CLANG_WARN_BOOL_CONVERSION = YES;
				CLANG_WARN_CONSTANT_CONVERSION = YES;
				CLANG_WARN_DIRECT_OBJC_ISA_USAGE = YES_ERROR;
				CLANG_WARN_EMPTY_BODY = YES;
				CLANG_WARN_ENUM_CONVERSION = YES;
				CLANG_WARN_INT_CONVERSION = YES;
				CLANG_WARN_OBJC_ROOT_CLASS = YES_ERROR;
				CLANG_WARN_UNREACHABLE_CODE = YES;
				CLANG_WARN__DUPLICATE_METHOD_MATCH = YES;
				"CODE_SIGN_IDENTITY[sdk=iphoneos*]" = "iPhone Developer";
				COPY_PHASE_STRIP = NO;
				DEBUG_INFORMATION_FORMAT = dwarf;
				ENABLE_STRICT_OBJC_MSGSEND = YES;
				ENABLE_TESTABILITY = YES;
				GCC_C_LANGUAGE_STANDARD = gnu99;
				GCC_DYNAMIC_NO_PIC = NO;
				GCC_NO_COMMON_BLOCKS = YES;
				GCC_OPTIMIZATION_LEVEL = 0;
				GCC_PREPROCESSOR_DEFINITIONS = (
					"DEBUG=1",
					"$(inherited)",
				);
				GCC_WARN_64_TO_32_BIT_CONVERSION = YES;
				GCC_WARN_ABOUT_RETURN_TYPE = YES_ERROR;
				GCC_WARN_UNDECLARED_SELECTOR = YES;
				GCC_WARN_UNINITIALIZED_AUTOS = YES_AGGRESSIVE;
				GCC_WARN_UNUSED_FUNCTION = YES;
				GCC_WARN_UNUSED_VARIABLE = YES;
				IPHONEOS_DEPLOYMENT_TARGET = 9.2;
				MTL_ENABLE_DEBUG_INFO = YES;
				ONLY_ACTIVE_ARCH = YES;
				SDKROOT = iphoneos;
				SWIFT_OPTIMIZATION_LEVEL = "-Onone";
				TARGETED_DEVICE_FAMILY = "1,2";
			};
			name = Debug;
		};
		CD7181D61C5AF4FA004734E4 /* Release */ = {
			isa = XCBuildConfiguration;
			buildSettings = {
				ALWAYS_SEARCH_USER_PATHS = NO;
				CLANG_CXX_LANGUAGE_STANDARD = "gnu++0x";
				CLANG_CXX_LIBRARY = "libc++";
				CLANG_ENABLE_MODULES = YES;
				CLANG_ENABLE_OBJC_ARC = YES;
				CLANG_WARN_BOOL_CONVERSION = YES;
				CLANG_WARN_CONSTANT_CONVERSION = YES;
				CLANG_WARN_DIRECT_OBJC_ISA_USAGE = YES_ERROR;
				CLANG_WARN_EMPTY_BODY = YES;
				CLANG_WARN_ENUM_CONVERSION = YES;
				CLANG_WARN_INT_CONVERSION = YES;
				CLANG_WARN_OBJC_ROOT_CLASS = YES_ERROR;
				CLANG_WARN_UNREACHABLE_CODE = YES;
				CLANG_WARN__DUPLICATE_METHOD_MATCH = YES;
				"CODE_SIGN_IDENTITY[sdk=iphoneos*]" = "iPhone Developer";
				COPY_PHASE_STRIP = NO;
				DEBUG_INFORMATION_FORMAT = "dwarf-with-dsym";
				ENABLE_NS_ASSERTIONS = NO;
				ENABLE_STRICT_OBJC_MSGSEND = YES;
				GCC_C_LANGUAGE_STANDARD = gnu99;
				GCC_NO_COMMON_BLOCKS = YES;
				GCC_WARN_64_TO_32_BIT_CONVERSION = YES;
				GCC_WARN_ABOUT_RETURN_TYPE = YES_ERROR;
				GCC_WARN_UNDECLARED_SELECTOR = YES;
				GCC_WARN_UNINITIALIZED_AUTOS = YES_AGGRESSIVE;
				GCC_WARN_UNUSED_FUNCTION = YES;
				GCC_WARN_UNUSED_VARIABLE = YES;
				IPHONEOS_DEPLOYMENT_TARGET = 9.2;
				MTL_ENABLE_DEBUG_INFO = NO;
				SDKROOT = iphoneos;
				TARGETED_DEVICE_FAMILY = "1,2";
				VALIDATE_PRODUCT = YES;
			};
			name = Release;
		};
		CD7181D81C5AF4FA004734E4 /* Debug */ = {
			isa = XCBuildConfiguration;
			buildSettings = {
				ASSETCATALOG_COMPILER_APPICON_NAME = AppIcon;
				INFOPLIST_FILE = locesfa/Info.plist;
				LD_RUNPATH_SEARCH_PATHS = "$(inherited) @executable_path/Frameworks";
				PRODUCT_BUNDLE_IDENTIFIER = datalabor.locesfa;
				PRODUCT_NAME = "$(TARGET_NAME)";
			};
			name = Debug;
		};
		CD7181D91C5AF4FA004734E4 /* Release */ = {
			isa = XCBuildConfiguration;
			buildSettings = {
				ASSETCATALOG_COMPILER_APPICON_NAME = AppIcon;
				INFOPLIST_FILE = locesfa/Info.plist;
				LD_RUNPATH_SEARCH_PATHS = "$(inherited) @executable_path/Frameworks";
				PRODUCT_BUNDLE_IDENTIFIER = datalabor.locesfa;
				PRODUCT_NAME = "$(TARGET_NAME)";
			};
			name = Release;
		};
		CD7181DB1C5AF4FA004734E4 /* Debug */ = {
			isa = XCBuildConfiguration;
			buildSettings = {
				BUNDLE_LOADER = "$(TEST_HOST)";
				INFOPLIST_FILE = locesfaTests/Info.plist;
				LD_RUNPATH_SEARCH_PATHS = "$(inherited) @executable_path/Frameworks @loader_path/Frameworks";
				PRODUCT_BUNDLE_IDENTIFIER = datalabor.locesfaTests;
				PRODUCT_NAME = "$(TARGET_NAME)";
				TEST_HOST = "$(BUILT_PRODUCTS_DIR)/locesfa.app/locesfa";
			};
			name = Debug;
		};
		CD7181DC1C5AF4FA004734E4 /* Release */ = {
			isa = XCBuildConfiguration;
			buildSettings = {
				BUNDLE_LOADER = "$(TEST_HOST)";
				INFOPLIST_FILE = locesfaTests/Info.plist;
				LD_RUNPATH_SEARCH_PATHS = "$(inherited) @executable_path/Frameworks @loader_path/Frameworks";
				PRODUCT_BUNDLE_IDENTIFIER = datalabor.locesfaTests;
				PRODUCT_NAME = "$(TARGET_NAME)";
				TEST_HOST = "$(BUILT_PRODUCTS_DIR)/locesfa.app/locesfa";
			};
			name = Release;
		};
		CD7181DE1C5AF4FA004734E4 /* Debug */ = {
			isa = XCBuildConfiguration;
			buildSettings = {
				INFOPLIST_FILE = locesfaUITests/Info.plist;
				LD_RUNPATH_SEARCH_PATHS = "$(inherited) @executable_path/Frameworks @loader_path/Frameworks";
				PRODUCT_BUNDLE_IDENTIFIER = datalabor.locesfaUITests;
				PRODUCT_NAME = "$(TARGET_NAME)";
				TEST_TARGET_NAME = locesfa;
				USES_XCTRUNNER = YES;
			};
			name = Debug;
		};
		CD7181DF1C5AF4FA004734E4 /* Release */ = {
			isa = XCBuildConfiguration;
			buildSettings = {
				INFOPLIST_FILE = locesfaUITests/Info.plist;
				LD_RUNPATH_SEARCH_PATHS = "$(inherited) @executable_path/Frameworks @loader_path/Frameworks";
				PRODUCT_BUNDLE_IDENTIFIER = datalabor.locesfaUITests;
				PRODUCT_NAME = "$(TARGET_NAME)";
				TEST_TARGET_NAME = locesfa;
				USES_XCTRUNNER = YES;
			};
			name = Release;
		};
/* End XCBuildConfiguration section */

/* Begin XCConfigurationList section */
		CD7181A71C5AF4FA004734E4 /* Build configuration list for PBXProject "locesfa" */ = {
			isa = XCConfigurationList;
			buildConfigurations = (
				CD7181D51C5AF4FA004734E4 /* Debug */,
				CD7181D61C5AF4FA004734E4 /* Release */,
			);
			defaultConfigurationIsVisible = 0;
			defaultConfigurationName = Release;
		};
		CD7181D71C5AF4FA004734E4 /* Build configuration list for PBXNativeTarget "locesfa" */ = {
			isa = XCConfigurationList;
			buildConfigurations = (
				CD7181D81C5AF4FA004734E4 /* Debug */,
				CD7181D91C5AF4FA004734E4 /* Release */,
			);
			defaultConfigurationIsVisible = 0;
			defaultConfigurationName = Release;
		};
		CD7181DA1C5AF4FA004734E4 /* Build configuration list for PBXNativeTarget "locesfaTests" */ = {
			isa = XCConfigurationList;
			buildConfigurations = (
				CD7181DB1C5AF4FA004734E4 /* Debug */,
				CD7181DC1C5AF4FA004734E4 /* Release */,
			);
			defaultConfigurationIsVisible = 0;
			defaultConfigurationName = Release;
		};
		CD7181DD1C5AF4FA004734E4 /* Build configuration list for PBXNativeTarget "locesfaUITests" */ = {
			isa = XCConfigurationList;
			buildConfigurations = (
				CD7181DE1C5AF4FA004734E4 /* Debug */,
				CD7181DF1C5AF4FA004734E4 /* Release */,
			);
			defaultConfigurationIsVisible = 0;
			defaultConfigurationName = Release;
		};
/* End XCConfigurationList section */

/* Begin XCVersionGroup section */
		CD7181B61C5AF4FA004734E4 /* locesfa.xcdatamodeld */ = {
			isa = XCVersionGroup;
			children = (
				CD7181B71C5AF4FA004734E4 /* locesfa.xcdatamodel */,
			);
			currentVersion = CD7181B71C5AF4FA004734E4 /* locesfa.xcdatamodel */;
			path = locesfa.xcdatamodeld;
			sourceTree = "<group>";
			versionGroupType = wrapper.xcdatamodel;
		};
/* End XCVersionGroup section */
	};
	rootObject = CD7181A41C5AF4FA004734E4 /* Project object */;
}
